
Microsoft Visual Studio Solution File, Format Version 12.00
# Visual Studio Version 16
VisualStudioVersion = 16.0.31025.194
MinimumVisualStudioVersion = 10.0.40219.1
Project("{FAE04EC0-301F-11D3-BF4B-00C04F79EFBC}") = "Forms01", "Forms01\Forms01.csproj", "{62C6A310-9118-460B-BB33-38E33454687D}"
EndProject
Global
	GlobalSection(SolutionConfigurationPlatforms) = preSolution
		Debug|Any CPU = Debug|Any CPU
		Release|Any CPU = Release|Any CPU
	EndGlobalSection
	GlobalSection(ProjectConfigurationPlatforms) = postSolution
		{62C6A310-9118-460B-BB33-38E33454687D}.Debug|Any CPU.ActiveCfg = Debug|Any CPU
		{62C6A310-9118-460B-BB33-38E33454687D}.Debug|Any CPU.Build.0 = Debug|Any CPU
		{62C6A310-9118-460B-BB33-38E33454687D}.Release|Any CPU.ActiveCfg = Release|Any CPU
		{62C6A310-9118-460B-BB33-38E33454687D}.Release|Any CPU.Build.0 = Release|Any CPU
	EndGlobalSection
	GlobalSection(SolutionProperties) = preSolution
		HideSolutionNode = FALSE
	EndGlobalSection
	GlobalSection(ExtensibilityGlobals) = postSolution
		SolutionGuid = {699406E1-014D-4452-959C-A070BCB2C12A}
	EndGlobalSection
EndGlobal
